<?xml version="1.0" encoding="utf-8"?>
<Project ToolsVersion="4.0" xmlns="http://schemas.microsoft.com/developer/msbuild/2003">
  <ItemGroup>
    <ClCompile Include="..\..\common\D3DApp.cpp">
      <Filter>common</Filter>
    </ClCompile>
    <ClCompile Include="..\..\common\GameTimer.cpp">
      <Filter>common</Filter>
    </ClCompile>
    <ClCompile Include="..\..\common\LightHelper.cpp">
      <Filter>common</Filter>
    </ClCompile>
    <ClCompile Include="..\..\common\mathHelper.cpp">
      <Filter>common</Filter>
    </ClCompile>
    <ClCompile Include="..\..\common\MeshGenerator.cpp">
      <Filter>common</Filter>
    </ClCompile>
    <ClCompile Include="..\..\common\Waves.cpp">
      <Filter>common</Filter>
    </ClCompile>
    <ClCompile Include="CrateDemo.cpp">
      <Filter>source</Filter>
    </ClCompile>
    <ClCompile Include="..\..\common\d3dUtil.cpp">
      <Filter>common</Filter>
    </ClCompile>
    <ClCompile Include="Effects.cpp">
      <Filter>source</Filter>
    </ClCompile>
    <ClCompile Include="Vertex.cpp">
      <Filter>source</Filter>
    </ClCompile>
  </ItemGroup>
  <ItemGroup>
    <ClInclude Include="..\..\common\D3DApp.h">
      <Filter>common</Filter>
    </ClInclude>
    <ClInclude Include="..\..\common\D3DUtil.h">
      <Filter>common</Filter>
    </ClInclude>
    <ClInclude Include="..\..\common\d3dx11effect.h">
      <Filter>common</Filter>
    </ClInclude>
    <ClInclude Include="..\..\common\GameTimer.h">
      <Filter>common</Filter>
    </ClInclude>
    <ClInclude Include="..\..\common\LightHelper.h">
      <Filter>common</Filter>
    </ClInclude>
    <ClInclude Include="..\..\common\mathHelper.h">
      <Filter>common</Filter>
    </ClInclude>
    <ClInclude Include="..\..\common\MeshGenerator.h">
      <Filter>common</Filter>
    </ClInclude>
    <ClInclude Include="..\..\common\Waves.h">
      <Filter>common</Filter>
    </ClInclude>
    <ClInclude Include="CrateDemo.h">
      <Filter>header</Filter>
    </ClInclude>
    <ClInclude Include="Effects.h">
      <Filter>header</Filter>
    </ClInclude>
    <ClInclude Include="Vertex.h">
      <Filter>header</Filter>
    </ClInclude>
  </ItemGroup>
  <ItemGroup>
    <None Include="FX\lightingHelper.fx">
      <Filter>fx</Filter>
    </None>
  </ItemGroup>
  <ItemGroup>
    <Filter Include="common">
      <UniqueIdentifier>{51097e1c-c0c1-47ac-b3db-a0b83e93628c}</UniqueIdentifier>
    </Filter>
    <Filter Include="fx">
      <UniqueIdentifier>{8db98d25-bdae-4614-a29a-1d6ea014b4e2}</UniqueIdentifier>
    </Filter>
    <Filter Include="header">
      <UniqueIdentifier>{42b35cfb-e5b4-4898-8664-bfeab1c74fed}</UniqueIdentifier>
    </Filter>
    <Filter Include="source">
      <UniqueIdentifier>{439f83da-6384-40eb-9d75-0a62f30423f9}</UniqueIdentifier>
    </Filter>
  </ItemGroup>
  <ItemGroup>
    <CustomBuild Include="FX\lighting.fx">
      <Filter>fx</Filter>
    </CustomBuild>
  </ItemGroup>
</Project>